
Microsoft Visual Studio Solution File, Format Version 12.00
# Visual Studio Version 17
VisualStudioVersion = 17.1.32421.90
MinimumVisualStudioVersion = 10.0.40219.1
Project("{FAE04EC0-301F-11D3-BF4B-00C04F79EFBC}") = "deneme", "deneme\deneme.csproj", "{BE925727-E5EB-4374-A85D-346423FBE5F3}"
EndProject
Global
	GlobalSection(SolutionConfigurationPlatforms) = preSolution
		Debug|Any CPU = Debug|Any CPU
		Release|Any CPU = Release|Any CPU
	EndGlobalSection
	GlobalSection(ProjectConfigurationPlatforms) = postSolution
		{BE925727-E5EB-4374-A85D-346423FBE5F3}.Debug|Any CPU.ActiveCfg = Debug|Any CPU
		{BE925727-E5EB-4374-A85D-346423FBE5F3}.Debug|Any CPU.Build.0 = Debug|Any CPU
		{BE925727-E5EB-4374-A85D-346423FBE5F3}.Release|Any CPU.ActiveCfg = Release|Any CPU
		{BE925727-E5EB-4374-A85D-346423FBE5F3}.Release|Any CPU.Build.0 = Release|Any CPU
	EndGlobalSection
	GlobalSection(SolutionProperties) = preSolution
		HideSolutionNode = FALSE
	EndGlobalSection
	GlobalSection(ExtensibilityGlobals) = postSolution
		SolutionGuid = {2E0B405E-0C6E-432B-92D9-E7E3D25B4B87}
	EndGlobalSection
EndGlobal
